
Microsoft Visual Studio Solution File, Format Version 12.00
# Visual Studio Version 17
VisualStudioVersion = 17.4.33213.308
MinimumVisualStudioVersion = 10.0.40219.1
Project("{FAE04EC0-301F-11D3-BF4B-00C04F79EFBC}") = "Adapter_Pattern", "Adapter_Pattern\Adapter_Pattern.csproj", "{4B59D0D2-4DAC-4C28-BB63-64935B95B0CD}"
EndProject
Global
	GlobalSection(SolutionConfigurationPlatforms) = preSolution
		Debug|Any CPU = Debug|Any CPU
		Release|Any CPU = Release|Any CPU
	EndGlobalSection
	GlobalSection(ProjectConfigurationPlatforms) = postSolution
		{4B59D0D2-4DAC-4C28-BB63-64935B95B0CD}.Debug|Any CPU.ActiveCfg = Debug|Any CPU
		{4B59D0D2-4DAC-4C28-BB63-64935B95B0CD}.Debug|Any CPU.Build.0 = Debug|Any CPU
		{4B59D0D2-4DAC-4C28-BB63-64935B95B0CD}.Release|Any CPU.ActiveCfg = Release|Any CPU
		{4B59D0D2-4DAC-4C28-BB63-64935B95B0CD}.Release|Any CPU.Build.0 = Release|Any CPU
	EndGlobalSection
	GlobalSection(SolutionProperties) = preSolution
		HideSolutionNode = FALSE
	EndGlobalSection
	GlobalSection(ExtensibilityGlobals) = postSolution
		SolutionGuid = {267E6D44-40D2-4C2E-9E60-3C5C58B508C7}
	EndGlobalSection
EndGlobal
